
Microsoft Visual Studio Solution File, Format Version 12.00
# Visual Studio Version 17
VisualStudioVersion = 17.0.31903.59
MinimumVisualStudioVersion = 10.0.40219.1
Project("{2150E333-8FDC-42A3-9474-1A3956D46DE8}") = "src", "src", "{8EA5C612-E577-41A4-97C4-BD55D89E7876}"
EndProject
Project("{FAE04EC0-301F-11D3-BF4B-00C04F79EFBC}") = "GnomeStack.Core", "src\Core\GnomeStack.Core.csproj", "{DCDE1264-EB6D-413B-BBB4-7CD84FCB85BF}"
EndProject
Project("{FAE04EC0-301F-11D3-BF4B-00C04F79EFBC}") = "GnomeStack.Internal", "src\Internal\GnomeStack.Internal.csproj", "{35663030-4C79-47A7-9B5C-74EF882D5EB1}"
EndProject
Project("{2150E333-8FDC-42A3-9474-1A3956D46DE8}") = "test", "test", "{0C012F9A-99ED-41B8-9479-090D9A4A93E0}"
EndProject
Project("{FAE04EC0-301F-11D3-BF4B-00C04F79EFBC}") = "GnomeStack.Core.Tests", "test\Core.Tests\GnomeStack.Core.Tests.csproj", "{C6614E54-E205-4B94-9D05-A11A0A75DDC9}"
EndProject
Project("{FAE04EC0-301F-11D3-BF4B-00C04F79EFBC}") = "GnomeStack.Text.DotEnv", "src\Text.DotEnv\GnomeStack.Text.DotEnv.csproj", "{9C9084BC-5E36-4AEE-AB6F-2B2097AE26E6}"
EndProject
Project("{FAE04EC0-301F-11D3-BF4B-00C04F79EFBC}") = "GnomeStack.Text.Json", "src\Text.Json\GnomeStack.Text.Json.csproj", "{F59EFF2F-D4DF-4B58-9815-C9BB94C92F56}"
EndProject
Project("{FAE04EC0-301F-11D3-BF4B-00C04F79EFBC}") = "GnomeStack.Text.Yaml", "src\Text.Yaml\GnomeStack.Text.Yaml.csproj", "{52C18CFD-8944-4B6C-9AC8-9B6CEA0649A5}"
EndProject
Project("{FAE04EC0-301F-11D3-BF4B-00C04F79EFBC}") = "GnomeStack.Text.Tests", "test\Text.Tests\GnomeStack.Text.Tests.csproj", "{3C1FEE67-358C-451B-921C-51FA70EE3EE2}"
EndProject
Project("{FAE04EC0-301F-11D3-BF4B-00C04F79EFBC}") = "GnomeStack.Security.Cryptography", "src\Security.Cryptography\GnomeStack.Security.Cryptography.csproj", "{38DA756E-6E34-4C22-85E5-68645F574BA1}"
EndProject
Project("{FAE04EC0-301F-11D3-BF4B-00C04F79EFBC}") = "GnomeStack.Security.Tests", "test\Security.Tests\GnomeStack.Security.Tests.csproj", "{D1E1CBAD-73A8-4492-9D86-DD3DEC63B8EC}"
EndProject
Project("{FAE04EC0-301F-11D3-BF4B-00C04F79EFBC}") = "GnomeStack.Security.Cryptography.X509Certificates", "src\Security.Cryptography.X509Certificates\GnomeStack.Security.Cryptography.X509Certificates.csproj", "{5CAAFCD1-689F-4AAE-8B53-EBD2DDCE7541}"
EndProject
Project("{FAE04EC0-301F-11D3-BF4B-00C04F79EFBC}") = "GnomeStack.Diagnostics.Activity", "src\Diagnostics.Activity\GnomeStack.Diagnostics.Activity.csproj", "{2EFB5D09-6C81-4044-AD61-E4199457EBD8}"
EndProject
Project("{FAE04EC0-301F-11D3-BF4B-00C04F79EFBC}") = "GnomeStack.Secrets.OperatingSystem", "src\Secrets.OperatingSystem\GnomeStack.Secrets.OperatingSystem.csproj", "{366BF989-C40F-485A-A8F8-E46C81C474B9}"
EndProject
Project("{FAE04EC0-301F-11D3-BF4B-00C04F79EFBC}") = "GnomeStack.Diagnostics.Shell", "src\Diagnostics.Shell\GnomeStack.Diagnostics.Shell.csproj", "{982D53BC-DC63-4B92-B007-1C4C2D2DC7EC}"
EndProject
Global
	GlobalSection(SolutionConfigurationPlatforms) = preSolution
		Debug|Any CPU = Debug|Any CPU
		Release|Any CPU = Release|Any CPU
	EndGlobalSection
	GlobalSection(SolutionProperties) = preSolution
		HideSolutionNode = FALSE
	EndGlobalSection
	GlobalSection(ProjectConfigurationPlatforms) = postSolution
		{DCDE1264-EB6D-413B-BBB4-7CD84FCB85BF}.Debug|Any CPU.ActiveCfg = Debug|Any CPU
		{DCDE1264-EB6D-413B-BBB4-7CD84FCB85BF}.Debug|Any CPU.Build.0 = Debug|Any CPU
		{DCDE1264-EB6D-413B-BBB4-7CD84FCB85BF}.Release|Any CPU.ActiveCfg = Release|Any CPU
		{DCDE1264-EB6D-413B-BBB4-7CD84FCB85BF}.Release|Any CPU.Build.0 = Release|Any CPU
		{35663030-4C79-47A7-9B5C-74EF882D5EB1}.Debug|Any CPU.ActiveCfg = Debug|Any CPU
		{35663030-4C79-47A7-9B5C-74EF882D5EB1}.Debug|Any CPU.Build.0 = Debug|Any CPU
		{35663030-4C79-47A7-9B5C-74EF882D5EB1}.Release|Any CPU.ActiveCfg = Release|Any CPU
		{35663030-4C79-47A7-9B5C-74EF882D5EB1}.Release|Any CPU.Build.0 = Release|Any CPU
		{C6614E54-E205-4B94-9D05-A11A0A75DDC9}.Debug|Any CPU.ActiveCfg = Debug|Any CPU
		{C6614E54-E205-4B94-9D05-A11A0A75DDC9}.Debug|Any CPU.Build.0 = Debug|Any CPU
		{C6614E54-E205-4B94-9D05-A11A0A75DDC9}.Release|Any CPU.ActiveCfg = Release|Any CPU
		{C6614E54-E205-4B94-9D05-A11A0A75DDC9}.Release|Any CPU.Build.0 = Release|Any CPU
		{9C9084BC-5E36-4AEE-AB6F-2B2097AE26E6}.Debug|Any CPU.ActiveCfg = Debug|Any CPU
		{9C9084BC-5E36-4AEE-AB6F-2B2097AE26E6}.Debug|Any CPU.Build.0 = Debug|Any CPU
		{9C9084BC-5E36-4AEE-AB6F-2B2097AE26E6}.Release|Any CPU.ActiveCfg = Release|Any CPU
		{9C9084BC-5E36-4AEE-AB6F-2B2097AE26E6}.Release|Any CPU.Build.0 = Release|Any CPU
		{F59EFF2F-D4DF-4B58-9815-C9BB94C92F56}.Debug|Any CPU.ActiveCfg = Debug|Any CPU
		{F59EFF2F-D4DF-4B58-9815-C9BB94C92F56}.Debug|Any CPU.Build.0 = Debug|Any CPU
		{F59EFF2F-D4DF-4B58-9815-C9BB94C92F56}.Release|Any CPU.ActiveCfg = Release|Any CPU
		{F59EFF2F-D4DF-4B58-9815-C9BB94C92F56}.Release|Any CPU.Build.0 = Release|Any CPU
		{52C18CFD-8944-4B6C-9AC8-9B6CEA0649A5}.Debug|Any CPU.ActiveCfg = Debug|Any CPU
		{52C18CFD-8944-4B6C-9AC8-9B6CEA0649A5}.Debug|Any CPU.Build.0 = Debug|Any CPU
		{52C18CFD-8944-4B6C-9AC8-9B6CEA0649A5}.Release|Any CPU.ActiveCfg = Release|Any CPU
		{52C18CFD-8944-4B6C-9AC8-9B6CEA0649A5}.Release|Any CPU.Build.0 = Release|Any CPU
		{3C1FEE67-358C-451B-921C-51FA70EE3EE2}.Debug|Any CPU.ActiveCfg = Debug|Any CPU
		{3C1FEE67-358C-451B-921C-51FA70EE3EE2}.Debug|Any CPU.Build.0 = Debug|Any CPU
		{3C1FEE67-358C-451B-921C-51FA70EE3EE2}.Release|Any CPU.ActiveCfg = Release|Any CPU
		{3C1FEE67-358C-451B-921C-51FA70EE3EE2}.Release|Any CPU.Build.0 = Release|Any CPU
		{38DA756E-6E34-4C22-85E5-68645F574BA1}.Debug|Any CPU.ActiveCfg = Debug|Any CPU
		{38DA756E-6E34-4C22-85E5-68645F574BA1}.Debug|Any CPU.Build.0 = Debug|Any CPU
		{38DA756E-6E34-4C22-85E5-68645F574BA1}.Release|Any CPU.ActiveCfg = Release|Any CPU
		{38DA756E-6E34-4C22-85E5-68645F574BA1}.Release|Any CPU.Build.0 = Release|Any CPU
		{D1E1CBAD-73A8-4492-9D86-DD3DEC63B8EC}.Debug|Any CPU.ActiveCfg = Debug|Any CPU
		{D1E1CBAD-73A8-4492-9D86-DD3DEC63B8EC}.Debug|Any CPU.Build.0 = Debug|Any CPU
		{D1E1CBAD-73A8-4492-9D86-DD3DEC63B8EC}.Release|Any CPU.ActiveCfg = Release|Any CPU
		{D1E1CBAD-73A8-4492-9D86-DD3DEC63B8EC}.Release|Any CPU.Build.0 = Release|Any CPU
		{5CAAFCD1-689F-4AAE-8B53-EBD2DDCE7541}.Debug|Any CPU.ActiveCfg = Debug|Any CPU
		{5CAAFCD1-689F-4AAE-8B53-EBD2DDCE7541}.Debug|Any CPU.Build.0 = Debug|Any CPU
		{5CAAFCD1-689F-4AAE-8B53-EBD2DDCE7541}.Release|Any CPU.ActiveCfg = Release|Any CPU
		{5CAAFCD1-689F-4AAE-8B53-EBD2DDCE7541}.Release|Any CPU.Build.0 = Release|Any CPU
		{2EFB5D09-6C81-4044-AD61-E4199457EBD8}.Debug|Any CPU.ActiveCfg = Debug|Any CPU
		{2EFB5D09-6C81-4044-AD61-E4199457EBD8}.Debug|Any CPU.Build.0 = Debug|Any CPU
		{2EFB5D09-6C81-4044-AD61-E4199457EBD8}.Release|Any CPU.ActiveCfg = Release|Any CPU
		{2EFB5D09-6C81-4044-AD61-E4199457EBD8}.Release|Any CPU.Build.0 = Release|Any CPU
		{366BF989-C40F-485A-A8F8-E46C81C474B9}.Debug|Any CPU.ActiveCfg = Debug|Any CPU
		{366BF989-C40F-485A-A8F8-E46C81C474B9}.Debug|Any CPU.Build.0 = Debug|Any CPU
		{366BF989-C40F-485A-A8F8-E46C81C474B9}.Release|Any CPU.ActiveCfg = Release|Any CPU
		{366BF989-C40F-485A-A8F8-E46C81C474B9}.Release|Any CPU.Build.0 = Release|Any CPU
		{982D53BC-DC63-4B92-B007-1C4C2D2DC7EC}.Debug|Any CPU.ActiveCfg = Debug|Any CPU
		{982D53BC-DC63-4B92-B007-1C4C2D2DC7EC}.Debug|Any CPU.Build.0 = Debug|Any CPU
		{982D53BC-DC63-4B92-B007-1C4C2D2DC7EC}.Release|Any CPU.ActiveCfg = Release|Any CPU
		{982D53BC-DC63-4B92-B007-1C4C2D2DC7EC}.Release|Any CPU.Build.0 = Release|Any CPU
	EndGlobalSection
	GlobalSection(NestedProjects) = preSolution
		{DCDE1264-EB6D-413B-BBB4-7CD84FCB85BF} = {8EA5C612-E577-41A4-97C4-BD55D89E7876}
		{35663030-4C79-47A7-9B5C-74EF882D5EB1} = {8EA5C612-E577-41A4-97C4-BD55D89E7876}
		{C6614E54-E205-4B94-9D05-A11A0A75DDC9} = {0C012F9A-99ED-41B8-9479-090D9A4A93E0}
		{9C9084BC-5E36-4AEE-AB6F-2B2097AE26E6} = {8EA5C612-E577-41A4-97C4-BD55D89E7876}
		{F59EFF2F-D4DF-4B58-9815-C9BB94C92F56} = {8EA5C612-E577-41A4-97C4-BD55D89E7876}
		{52C18CFD-8944-4B6C-9AC8-9B6CEA0649A5} = {8EA5C612-E577-41A4-97C4-BD55D89E7876}
		{3C1FEE67-358C-451B-921C-51FA70EE3EE2} = {0C012F9A-99ED-41B8-9479-090D9A4A93E0}
		{38DA756E-6E34-4C22-85E5-68645F574BA1} = {8EA5C612-E577-41A4-97C4-BD55D89E7876}
		{D1E1CBAD-73A8-4492-9D86-DD3DEC63B8EC} = {0C012F9A-99ED-41B8-9479-090D9A4A93E0}
		{5CAAFCD1-689F-4AAE-8B53-EBD2DDCE7541} = {8EA5C612-E577-41A4-97C4-BD55D89E7876}
		{2EFB5D09-6C81-4044-AD61-E4199457EBD8} = {8EA5C612-E577-41A4-97C4-BD55D89E7876}
		{366BF989-C40F-485A-A8F8-E46C81C474B9} = {8EA5C612-E577-41A4-97C4-BD55D89E7876}
		{982D53BC-DC63-4B92-B007-1C4C2D2DC7EC} = {8EA5C612-E577-41A4-97C4-BD55D89E7876}
	EndGlobalSection
EndGlobal
